// !$*UTF8*$!
{
	archiveVersion = 1;
	classes = {
	};
	objectVersion = 48;
	objects = {

/* Begin PBXBuildFile section */
		18C5ABD31FA6BF7A008C5BDE /* AppDelegate.m in Sources */ = {isa = PBXBuildFile; fileRef = 18C5ABD21FA6BF7A008C5BDE /* AppDelegate.m */; };
		18C5ABDB1FA6BF7A008C5BDE /* Assets.xcassets in Resources */ = {isa = PBXBuildFile; fileRef = 18C5ABDA1FA6BF7A008C5BDE /* Assets.xcassets */; };
		18C5ABDE1FA6BF7A008C5BDE /* LaunchScreen.storyboard in Resources */ = {isa = PBXBuildFile; fileRef = 18C5ABDC1FA6BF7A008C5BDE /* LaunchScreen.storyboard */; };
		18C5ABE11FA6BF7A008C5BDE /* main.m in Sources */ = {isa = PBXBuildFile; fileRef = 18C5ABE01FA6BF7A008C5BDE /* main.m */; };
		18C5AC0E1FA6CE76008C5BDE /* UIViewController+WDTransitioning.m in Sources */ = {isa = PBXBuildFile; fileRef = 18C5AC031FA6CE76008C5BDE /* UIViewController+WDTransitioning.m */; };
		18C5AC0F1FA6CE76008C5BDE /* WDInteractiveAnimatedTransitioning.m in Sources */ = {isa = PBXBuildFile; fileRef = 18C5AC051FA6CE76008C5BDE /* WDInteractiveAnimatedTransitioning.m */; };
		18C5AC101FA6CE76008C5BDE /* WDPercentDrivenInteractiveTransition.m in Sources */ = {isa = PBXBuildFile; fileRef = 18C5AC071FA6CE76008C5BDE /* WDPercentDrivenInteractiveTransition.m */; };
		18C5AC111FA6CE76008C5BDE /* WDTransitioningHeader.m in Sources */ = {isa = PBXBuildFile; fileRef = 18C5AC091FA6CE76008C5BDE /* WDTransitioningHeader.m */; };
		18C5AC121FA6CE76008C5BDE /* WDTransitioningPopAnimator.m in Sources */ = {isa = PBXBuildFile; fileRef = 18C5AC0B1FA6CE76008C5BDE /* WDTransitioningPopAnimator.m */; };
		18C5AC131FA6CE76008C5BDE /* WDTransitioningPushAnimator.m in Sources */ = {isa = PBXBuildFile; fileRef = 18C5AC0D1FA6CE76008C5BDE /* WDTransitioningPushAnimator.m */; };
		18C5AC161FA6CEA4008C5BDE /* WDNavigationController.m in Sources */ = {isa = PBXBuildFile; fileRef = 18C5AC151FA6CEA4008C5BDE /* WDNavigationController.m */; };
		18C5AC311FA6E89F008C5BDE /* UIColor+RandomColor.m in Sources */ = {isa = PBXBuildFile; fileRef = 18C5AC281FA6E89F008C5BDE /* UIColor+RandomColor.m */; };
		18C5AC321FA6E89F008C5BDE /* UIImage+ColorImage.m in Sources */ = {isa = PBXBuildFile; fileRef = 18C5AC2A1FA6E89F008C5BDE /* UIImage+ColorImage.m */; };
		18C5AC331FA6E89F008C5BDE /* WDTestController.m in Sources */ = {isa = PBXBuildFile; fileRef = 18C5AC2D1FA6E89F008C5BDE /* WDTestController.m */; };
		18C5AC341FA6E89F008C5BDE /* WDTestNavigationController.m in Sources */ = {isa = PBXBuildFile; fileRef = 18C5AC2F1FA6E89F008C5BDE /* WDTestNavigationController.m */; };
/* End PBXBuildFile section */

/* Begin PBXFileReference section */
		18C5ABCE1FA6BF7A008C5BDE /* WDNavigationControllerDemo.app */ = {isa = PBXFileReference; explicitFileType = wrapper.application; includeInIndex = 0; path = WDNavigationControllerDemo.app; sourceTree = BUILT_PRODUCTS_DIR; };
		18C5ABD11FA6BF7A008C5BDE /* AppDelegate.h */ = {isa = PBXFileReference; lastKnownFileType = sourcecode.c.h; path = AppDelegate.h; sourceTree = "<group>"; };
		18C5ABD21FA6BF7A008C5BDE /* AppDelegate.m */ = {isa = PBXFileReference; lastKnownFileType = sourcecode.c.objc; path = AppDelegate.m; sourceTree = "<group>"; };
		18C5ABDA1FA6BF7A008C5BDE /* Assets.xcassets */ = {isa = PBXFileReference; lastKnownFileType = folder.assetcatalog; path = Assets.xcassets; sourceTree = "<group>"; };
		18C5ABDD1FA6BF7A008C5BDE /* Base */ = {isa = PBXFileReference; lastKnownFileType = file.storyboard; name = Base; path = Base.lproj/LaunchScreen.storyboard; sourceTree = "<group>"; };
		18C5ABDF1FA6BF7A008C5BDE /* Info.plist */ = {isa = PBXFileReference; lastKnownFileType = text.plist.xml; path = Info.plist; sourceTree = "<group>"; };
		18C5ABE01FA6BF7A008C5BDE /* main.m */ = {isa = PBXFileReference; lastKnownFileType = sourcecode.c.objc; path = main.m; sourceTree = "<group>"; };
		18C5AC021FA6CE76008C5BDE /* UIViewController+WDTransitioning.h */ = {isa = PBXFileReference; fileEncoding = 4; lastKnownFileType = sourcecode.c.h; path = "UIViewController+WDTransitioning.h"; sourceTree = "<group>"; };
		18C5AC031FA6CE76008C5BDE /* UIViewController+WDTransitioning.m */ = {isa = PBXFileReference; fileEncoding = 4; lastKnownFileType = sourcecode.c.objc; path = "UIViewController+WDTransitioning.m"; sourceTree = "<group>"; };
		18C5AC041FA6CE76008C5BDE /* WDInteractiveAnimatedTransitioning.h */ = {isa = PBXFileReference; fileEncoding = 4; lastKnownFileType = sourcecode.c.h; path = WDInteractiveAnimatedTransitioning.h; sourceTree = "<group>"; };
		18C5AC051FA6CE76008C5BDE /* WDInteractiveAnimatedTransitioning.m */ = {isa = PBXFileReference; fileEncoding = 4; lastKnownFileType = sourcecode.c.objc; path = WDInteractiveAnimatedTransitioning.m; sourceTree = "<group>"; };
		18C5AC061FA6CE76008C5BDE /* WDPercentDrivenInteractiveTransition.h */ = {isa = PBXFileReference; fileEncoding = 4; lastKnownFileType = sourcecode.c.h; path = WDPercentDrivenInteractiveTransition.h; sourceTree = "<group>"; };
		18C5AC071FA6CE76008C5BDE /* WDPercentDrivenInteractiveTransition.m */ = {isa = PBXFileReference; fileEncoding = 4; lastKnownFileType = sourcecode.c.objc; path = WDPercentDrivenInteractiveTransition.m; sourceTree = "<group>"; };
		18C5AC081FA6CE76008C5BDE /* WDTransitioningHeader.h */ = {isa = PBXFileReference; fileEncoding = 4; lastKnownFileType = sourcecode.c.h; path = WDTransitioningHeader.h; sourceTree = "<group>"; };
		18C5AC091FA6CE76008C5BDE /* WDTransitioningHeader.m */ = {isa = PBXFileReference; fileEncoding = 4; lastKnownFileType = sourcecode.c.objc; path = WDTransitioningHeader.m; sourceTree = "<group>"; };
		18C5AC0A1FA6CE76008C5BDE /* WDTransitioningPopAnimator.h */ = {isa = PBXFileReference; fileEncoding = 4; lastKnownFileType = sourcecode.c.h; path = WDTransitioningPopAnimator.h; sourceTree = "<group>"; };
		18C5AC0B1FA6CE76008C5BDE /* WDTransitioningPopAnimator.m */ = {isa = PBXFileReference; fileEncoding = 4; lastKnownFileType = sourcecode.c.objc; path = WDTransitioningPopAnimator.m; sourceTree = "<group>"; };
		18C5AC0C1FA6CE76008C5BDE /* WDTransitioningPushAnimator.h */ = {isa = PBXFileReference; fileEncoding = 4; lastKnownFileType = sourcecode.c.h; path = WDTransitioningPushAnimator.h; sourceTree = "<group>"; };
		18C5AC0D1FA6CE76008C5BDE /* WDTransitioningPushAnimator.m */ = {isa = PBXFileReference; fileEncoding = 4; lastKnownFileType = sourcecode.c.objc; path = WDTransitioningPushAnimator.m; sourceTree = "<group>"; };
		18C5AC141FA6CEA4008C5BDE /* WDNavigationController.h */ = {isa = PBXFileReference; lastKnownFileType = sourcecode.c.h; path = WDNavigationController.h; sourceTree = "<group>"; };
		18C5AC151FA6CEA4008C5BDE /* WDNavigationController.m */ = {isa = PBXFileReference; lastKnownFileType = sourcecode.c.objc; path = WDNavigationController.m; sourceTree = "<group>"; };
		18C5AC271FA6E89F008C5BDE /* UIColor+RandomColor.h */ = {isa = PBXFileReference; fileEncoding = 4; lastKnownFileType = sourcecode.c.h; path = "UIColor+RandomColor.h"; sourceTree = "<group>"; };
		18C5AC281FA6E89F008C5BDE /* UIColor+RandomColor.m */ = {isa = PBXFileReference; fileEncoding = 4; lastKnownFileType = sourcecode.c.objc; path = "UIColor+RandomColor.m"; sourceTree = "<group>"; };
		18C5AC291FA6E89F008C5BDE /* UIImage+ColorImage.h */ = {isa = PBXFileReference; fileEncoding = 4; lastKnownFileType = sourcecode.c.h; path = "UIImage+ColorImage.h"; sourceTree = "<group>"; };
		18C5AC2A1FA6E89F008C5BDE /* UIImage+ColorImage.m */ = {isa = PBXFileReference; fileEncoding = 4; lastKnownFileType = sourcecode.c.objc; path = "UIImage+ColorImage.m"; sourceTree = "<group>"; };
		18C5AC2D1FA6E89F008C5BDE /* WDTestController.m */ = {isa = PBXFileReference; fileEncoding = 4; lastKnownFileType = sourcecode.c.objc; path = WDTestController.m; sourceTree = "<group>"; };
		18C5AC2E1FA6E89F008C5BDE /* WDTestNavigationController.h */ = {isa = PBXFileReference; fileEncoding = 4; lastKnownFileType = sourcecode.c.h; path = WDTestNavigationController.h; sourceTree = "<group>"; };
		18C5AC2F1FA6E89F008C5BDE /* WDTestNavigationController.m */ = {isa = PBXFileReference; fileEncoding = 4; lastKnownFileType = sourcecode.c.objc; path = WDTestNavigationController.m; sourceTree = "<group>"; };
		18C5AC351FA6E8CE008C5BDE /* WDTestController.h */ = {isa = PBXFileReference; fileEncoding = 4; lastKnownFileType = sourcecode.c.h; path = WDTestController.h; sourceTree = "<group>"; };
		18C5AC361FA6E8D4008C5BDE /* WDTestNavigationHeader.h */ = {isa = PBXFileReference; fileEncoding = 4; lastKnownFileType = sourcecode.c.h; path = WDTestNavigationHeader.h; sourceTree = "<group>"; };
/* End PBXFileReference section */

/* Begin PBXFrameworksBuildPhase section */
		18C5ABCB1FA6BF7A008C5BDE /* Frameworks */ = {
			isa = PBXFrameworksBuildPhase;
			buildActionMask = 2147483647;
			files = (
			);
			runOnlyForDeploymentPostprocessing = 0;
		};
/* End PBXFrameworksBuildPhase section */

/* Begin PBXGroup section */
		18C5ABC51FA6BF7A008C5BDE = {
			isa = PBXGroup;
			children = (
				18C5ABD01FA6BF7A008C5BDE /* WDNavigationControllerDemo */,
				18C5ABCF1FA6BF7A008C5BDE /* Products */,
			);
			sourceTree = "<group>";
		};
		18C5ABCF1FA6BF7A008C5BDE /* Products */ = {
			isa = PBXGroup;
			children = (
				18C5ABCE1FA6BF7A008C5BDE /* WDNavigationControllerDemo.app */,
			);
			name = Products;
			sourceTree = "<group>";
		};
		18C5ABD01FA6BF7A008C5BDE /* WDNavigationControllerDemo */ = {
			isa = PBXGroup;
			children = (
				18C5AC261FA6E89F008C5BDE /* Category */,
				18C5AC2C1FA6E89F008C5BDE /* Classes */,
				18C5ABE81FA6C015008C5BDE /* WDNavigationController */,
				18C5ABD11FA6BF7A008C5BDE /* AppDelegate.h */,
				18C5ABD21FA6BF7A008C5BDE /* AppDelegate.m */,
				18C5ABDA1FA6BF7A008C5BDE /* Assets.xcassets */,
				18C5ABDC1FA6BF7A008C5BDE /* LaunchScreen.storyboard */,
				18C5ABDF1FA6BF7A008C5BDE /* Info.plist */,
				18C5ABE01FA6BF7A008C5BDE /* main.m */,
			);
			path = WDNavigationControllerDemo;
			sourceTree = "<group>";
		};
		18C5ABE81FA6C015008C5BDE /* WDNavigationController */ = {
			isa = PBXGroup;
			children = (
				18C5AC011FA6CE76008C5BDE /* WDTransitioning */,
				18C5AC141FA6CEA4008C5BDE /* WDNavigationController.h */,
				18C5AC151FA6CEA4008C5BDE /* WDNavigationController.m */,
			);
			name = WDNavigationController;
			path = ../../WDNavigationController;
			sourceTree = "<group>";
		};
		18C5AC011FA6CE76008C5BDE /* WDTransitioning */ = {
			isa = PBXGroup;
			children = (
				18C5AC021FA6CE76008C5BDE /* UIViewController+WDTransitioning.h */,
				18C5AC031FA6CE76008C5BDE /* UIViewController+WDTransitioning.m */,
				18C5AC041FA6CE76008C5BDE /* WDInteractiveAnimatedTransitioning.h */,
				18C5AC051FA6CE76008C5BDE /* WDInteractiveAnimatedTransitioning.m */,
				18C5AC061FA6CE76008C5BDE /* WDPercentDrivenInteractiveTransition.h */,
				18C5AC071FA6CE76008C5BDE /* WDPercentDrivenInteractiveTransition.m */,
				18C5AC081FA6CE76008C5BDE /* WDTransitioningHeader.h */,
				18C5AC091FA6CE76008C5BDE /* WDTransitioningHeader.m */,
				18C5AC0A1FA6CE76008C5BDE /* WDTransitioningPopAnimator.h */,
				18C5AC0B1FA6CE76008C5BDE /* WDTransitioningPopAnimator.m */,
				18C5AC0C1FA6CE76008C5BDE /* WDTransitioningPushAnimator.h */,
				18C5AC0D1FA6CE76008C5BDE /* WDTransitioningPushAnimator.m */,
			);
			path = WDTransitioning;
			sourceTree = "<group>";
		};
		18C5AC261FA6E89F008C5BDE /* Category */ = {
			isa = PBXGroup;
			children = (
				18C5AC361FA6E8D4008C5BDE /* WDTestNavigationHeader.h */,
				18C5AC271FA6E89F008C5BDE /* UIColor+RandomColor.h */,
				18C5AC281FA6E89F008C5BDE /* UIColor+RandomColor.m */,
				18C5AC291FA6E89F008C5BDE /* UIImage+ColorImage.h */,
				18C5AC2A1FA6E89F008C5BDE /* UIImage+ColorImage.m */,
			);
			path = Category;
			sourceTree = "<group>";
		};
		18C5AC2C1FA6E89F008C5BDE /* Classes */ = {
			isa = PBXGroup;
			children = (
				18C5AC351FA6E8CE008C5BDE /* WDTestController.h */,
				18C5AC2D1FA6E89F008C5BDE /* WDTestController.m */,
				18C5AC2E1FA6E89F008C5BDE /* WDTestNavigationController.h */,
				18C5AC2F1FA6E89F008C5BDE /* WDTestNavigationController.m */,
			);
			path = Classes;
			sourceTree = "<group>";
		};
/* End PBXGroup section */

/* Begin PBXNativeTarget section */
		18C5ABCD1FA6BF7A008C5BDE /* WDNavigationControllerDemo */ = {
			isa = PBXNativeTarget;
			buildConfigurationList = 18C5ABE41FA6BF7A008C5BDE /* Build configuration list for PBXNativeTarget "WDNavigationControllerDemo" */;
			buildPhases = (
				18C5ABCA1FA6BF7A008C5BDE /* Sources */,
				18C5ABCB1FA6BF7A008C5BDE /* Frameworks */,
				18C5ABCC1FA6BF7A008C5BDE /* Resources */,
			);
			buildRules = (
			);
			dependencies = (
			);
			name = WDNavigationControllerDemo;
			productName = WDNavigationControllerDemo;
			productReference = 18C5ABCE1FA6BF7A008C5BDE /* WDNavigationControllerDemo.app */;
			productType = "com.apple.product-type.application";
		};
/* End PBXNativeTarget section */

/* Begin PBXProject section */
		18C5ABC61FA6BF7A008C5BDE /* Project object */ = {
			isa = PBXProject;
			attributes = {
				LastUpgradeCheck = 0900;
				ORGANIZATIONNAME = apple;
				TargetAttributes = {
					18C5ABCD1FA6BF7A008C5BDE = {
						CreatedOnToolsVersion = 9.0;
						ProvisioningStyle = Manual;
					};
				};
			};
			buildConfigurationList = 18C5ABC91FA6BF7A008C5BDE /* Build configuration list for PBXProject "WDNavigationControllerDemo" */;
			compatibilityVersion = "Xcode 8.0";
			developmentRegion = en;
			hasScannedForEncodings = 0;
			knownRegions = (
				en,
				Base,
			);
			mainGroup = 18C5ABC51FA6BF7A008C5BDE;
			productRefGroup = 18C5ABCF1FA6BF7A008C5BDE /* Products */;
			projectDirPath = "";
			projectRoot = "";
			targets = (
				18C5ABCD1FA6BF7A008C5BDE /* WDNavigationControllerDemo */,
			);
		};
/* End PBXProject section */

/* Begin PBXResourcesBuildPhase section */
		18C5ABCC1FA6BF7A008C5BDE /* Resources */ = {
			isa = PBXResourcesBuildPhase;
			buildActionMask = 2147483647;
			files = (
				18C5ABDE1FA6BF7A008C5BDE /* LaunchScreen.storyboard in Resources */,
				18C5ABDB1FA6BF7A008C5BDE /* Assets.xcassets in Resources */,
			);
			runOnlyForDeploymentPostprocessing = 0;
		};
/* End PBXResourcesBuildPhase section */

/* Begin PBXSourcesBuildPhase section */
		18C5ABCA1FA6BF7A008C5BDE /* Sources */ = {
			isa = PBXSourcesBuildPhase;
			buildActionMask = 2147483647;
			files = (
				18C5AC331FA6E89F008C5BDE /* WDTestController.m in Sources */,
				18C5AC0E1FA6CE76008C5BDE /* UIViewController+WDTransitioning.m in Sources */,
				18C5AC101FA6CE76008C5BDE /* WDPercentDrivenInteractiveTransition.m in Sources */,
				18C5AC321FA6E89F008C5BDE /* UIImage+ColorImage.m in Sources */,
				18C5AC0F1FA6CE76008C5BDE /* WDInteractiveAnimatedTransitioning.m in Sources */,
				18C5ABE11FA6BF7A008C5BDE /* main.m in Sources */,
				18C5AC121FA6CE76008C5BDE /* WDTransitioningPopAnimator.m in Sources */,
				18C5AC161FA6CEA4008C5BDE /* WDNavigationController.m in Sources */,
				18C5AC311FA6E89F008C5BDE /* UIColor+RandomColor.m in Sources */,
				18C5ABD31FA6BF7A008C5BDE /* AppDelegate.m in Sources */,
				18C5AC341FA6E89F008C5BDE /* WDTestNavigationController.m in Sources */,
				18C5AC111FA6CE76008C5BDE /* WDTransitioningHeader.m in Sources */,
				18C5AC131FA6CE76008C5BDE /* WDTransitioningPushAnimator.m in Sources */,
			);
			runOnlyForDeploymentPostprocessing = 0;
		};
/* End PBXSourcesBuildPhase section */

/* Begin PBXVariantGroup section */
		18C5ABDC1FA6BF7A008C5BDE /* LaunchScreen.storyboard */ = {
			isa = PBXVariantGroup;
			children = (
				18C5ABDD1FA6BF7A008C5BDE /* Base */,
			);
			name = LaunchScreen.storyboard;
			sourceTree = "<group>";
		};
/* End PBXVariantGroup section */

/* Begin XCBuildConfiguration section */
		18C5ABE21FA6BF7A008C5BDE /* Debug */ = {
			isa = XCBuildConfiguration;
			buildSettings = {
				ALWAYS_SEARCH_USER_PATHS = NO;
				CLANG_ANALYZER_NONNULL = YES;
				CLANG_ANALYZER_NUMBER_OBJECT_CONVERSION = YES_AGGRESSIVE;
				CLANG_CXX_LANGUAGE_STANDARD = "gnu++14";
				CLANG_CXX_LIBRARY = "libc++";
				CLANG_ENABLE_MODULES = YES;
				CLANG_ENABLE_OBJC_ARC = YES;
				CLANG_WARN_BLOCK_CAPTURE_AUTORELEASING = YES;
				CLANG_WARN_BOOL_CONVERSION = YES;
				CLANG_WARN_COMMA = YES;
				CLANG_WARN_CONSTANT_CONVERSION = YES;
				CLANG_WARN_DIRECT_OBJC_ISA_USAGE = YES_ERROR;
				CLANG_WARN_DOCUMENTATION_COMMENTS = YES;
				CLANG_WARN_EMPTY_BODY = YES;
				CLANG_WARN_ENUM_CONVERSION = YES;
				CLANG_WARN_INFINITE_RECURSION = YES;
				CLANG_WARN_INT_CONVERSION = YES;
				CLANG_WARN_NON_LITERAL_NULL_CONVERSION = YES;
				CLANG_WARN_OBJC_LITERAL_CONVERSION = YES;
				CLANG_WARN_OBJC_ROOT_CLASS = YES_ERROR;
				CLANG_WARN_RANGE_LOOP_ANALYSIS = YES;
				CLANG_WARN_STRICT_PROTOTYPES = YES;
				CLANG_WARN_SUSPICIOUS_MOVE = YES;
				CLANG_WARN_UNGUARDED_AVAILABILITY = YES_AGGRESSIVE;
				CLANG_WARN_UNREACHABLE_CODE = YES;
				CLANG_WARN__DUPLICATE_METHOD_MATCH = YES;
				CODE_SIGN_IDENTITY = "iPhone Developer";
				COPY_PHASE_STRIP = NO;
				DEBUG_INFORMATION_FORMAT = dwarf;
				ENABLE_STRICT_OBJC_MSGSEND = YES;
				ENABLE_TESTABILITY = YES;
				GCC_C_LANGUAGE_STANDARD = gnu11;
				GCC_DYNAMIC_NO_PIC = NO;
				GCC_NO_COMMON_BLOCKS = YES;
				GCC_OPTIMIZATION_LEVEL = 0;
				GCC_PREPROCESSOR_DEFINITIONS = (
					"DEBUG=1",
					"$(inherited)",
				);
				GCC_WARN_64_TO_32_BIT_CONVERSION = YES;
				GCC_WARN_ABOUT_RETURN_TYPE = YES_ERROR;
				GCC_WARN_UNDECLARED_SELECTOR = YES;
				GCC_WARN_UNINITIALIZED_AUTOS = YES_AGGRESSIVE;
				GCC_WARN_UNUSED_FUNCTION = YES;
				GCC_WARN_UNUSED_VARIABLE = YES;
				IPHONEOS_DEPLOYMENT_TARGET = 11.0;
				MTL_ENABLE_DEBUG_INFO = YES;
				ONLY_ACTIVE_ARCH = YES;
				SDKROOT = iphoneos;
			};
			name = Debug;
		};
		18C5ABE31FA6BF7A008C5BDE /* Release */ = {
			isa = XCBuildConfiguration;
			buildSettings = {
				ALWAYS_SEARCH_USER_PATHS = NO;
				CLANG_ANALYZER_NONNULL = YES;
				CLANG_ANALYZER_NUMBER_OBJECT_CONVERSION = YES_AGGRESSIVE;
				CLANG_CXX_LANGUAGE_STANDARD = "gnu++14";
				CLANG_CXX_LIBRARY = "libc++";
				CLANG_ENABLE_MODULES = YES;
				CLANG_ENABLE_OBJC_ARC = YES;
				CLANG_WARN_BLOCK_CAPTURE_AUTORELEASING = YES;
				CLANG_WARN_BOOL_CONVERSION = YES;
				CLANG_WARN_COMMA = YES;
				CLANG_WARN_CONSTANT_CONVERSION = YES;
				CLANG_WARN_DIRECT_OBJC_ISA_USAGE = YES_ERROR;
				CLANG_WARN_DOCUMENTATION_COMMENTS = YES;
				CLANG_WARN_EMPTY_BODY = YES;
				CLANG_WARN_ENUM_CONVERSION = YES;
				CLANG_WARN_INFINITE_RECURSION = YES;
				CLANG_WARN_INT_CONVERSION = YES;
				CLANG_WARN_NON_LITERAL_NULL_CONVERSION = YES;
				CLANG_WARN_OBJC_LITERAL_CONVERSION = YES;
				CLANG_WARN_OBJC_ROOT_CLASS = YES_ERROR;
				CLANG_WARN_RANGE_LOOP_ANALYSIS = YES;
				CLANG_WARN_STRICT_PROTOTYPES = YES;
				CLANG_WARN_SUSPICIOUS_MOVE = YES;
				CLANG_WARN_UNGUARDED_AVAILABILITY = YES_AGGRESSIVE;
				CLANG_WARN_UNREACHABLE_CODE = YES;
				CLANG_WARN__DUPLICATE_METHOD_MATCH = YES;
				CODE_SIGN_IDENTITY = "iPhone Developer";
				COPY_PHASE_STRIP = NO;
				DEBUG_INFORMATION_FORMAT = "dwarf-with-dsym";
				ENABLE_NS_ASSERTIONS = NO;
				ENABLE_STRICT_OBJC_MSGSEND = YES;
				GCC_C_LANGUAGE_STANDARD = gnu11;
				GCC_NO_COMMON_BLOCKS = YES;
				GCC_WARN_64_TO_32_BIT_CONVERSION = YES;
				GCC_WARN_ABOUT_RETURN_TYPE = YES_ERROR;
				GCC_WARN_UNDECLARED_SELECTOR = YES;
				GCC_WARN_UNINITIALIZED_AUTOS = YES_AGGRESSIVE;
				GCC_WARN_UNUSED_FUNCTION = YES;
				GCC_WARN_UNUSED_VARIABLE = YES;
				IPHONEOS_DEPLOYMENT_TARGET = 11.0;
				MTL_ENABLE_DEBUG_INFO = NO;
				SDKROOT = iphoneos;
				VALIDATE_PRODUCT = YES;
			};
			name = Release;
		};
		18C5ABE51FA6BF7A008C5BDE /* Debug */ = {
			isa = XCBuildConfiguration;
			buildSettings = {
				ASSETCATALOG_COMPILER_APPICON_NAME = AppIcon;
				CODE_SIGN_STYLE = Manual;
				DEVELOPMENT_TEAM = NNEUYJ7Z36;
				INFOPLIST_FILE = WDNavigationControllerDemo/Info.plist;
				IPHONEOS_DEPLOYMENT_TARGET = 9.0;
				LD_RUNPATH_SEARCH_PATHS = "$(inherited) @executable_path/Frameworks";
				PRODUCT_BUNDLE_IDENTIFIER = com.jkinvest.test.WDNavigationControllerDemo;
				PRODUCT_NAME = "$(TARGET_NAME)";
				PROVISIONING_PROFILE = "156cbf1b-e721-4cdf-834c-57a9ff4ee33c";
				PROVISIONING_PROFILE_SPECIFIER = JKAll_Dev;
				TARGETED_DEVICE_FAMILY = 1;
			};
			name = Debug;
		};
		18C5ABE61FA6BF7A008C5BDE /* Release */ = {
			isa = XCBuildConfiguration;
			buildSettings = {
				ASSETCATALOG_COMPILER_APPICON_NAME = AppIcon;
				CODE_SIGN_STYLE = Manual;
				DEVELOPMENT_TEAM = NNEUYJ7Z36;
				INFOPLIST_FILE = WDNavigationControllerDemo/Info.plist;
				IPHONEOS_DEPLOYMENT_TARGET = 9.0;
				LD_RUNPATH_SEARCH_PATHS = "$(inherited) @executable_path/Frameworks";
				PRODUCT_BUNDLE_IDENTIFIER = com.jkinvest.test.WDNavigationControllerDemo;
				PRODUCT_NAME = "$(TARGET_NAME)";
				PROVISIONING_PROFILE = "156cbf1b-e721-4cdf-834c-57a9ff4ee33c";
				PROVISIONING_PROFILE_SPECIFIER = JKAll_Dev;
				TARGETED_DEVICE_FAMILY = 1;
			};
			name = Release;
		};
/* End XCBuildConfiguration section */

/* Begin XCConfigurationList section */
		18C5ABC91FA6BF7A008C5BDE /* Build configuration list for PBXProject "WDNavigationControllerDemo" */ = {
			isa = XCConfigurationList;
			buildConfigurations = (
				18C5ABE21FA6BF7A008C5BDE /* Debug */,
				18C5ABE31FA6BF7A008C5BDE /* Release */,
			);
			defaultConfigurationIsVisible = 0;
			defaultConfigurationName = Release;
		};
		18C5ABE41FA6BF7A008C5BDE /* Build configuration list for PBXNativeTarget "WDNavigationControllerDemo" */ = {
			isa = XCConfigurationList;
			buildConfigurations = (
				18C5ABE51FA6BF7A008C5BDE /* Debug */,
				18C5ABE61FA6BF7A008C5BDE /* Release */,
			);
			defaultConfigurationIsVisible = 0;
			defaultConfigurationName = Release;
		};
/* End XCConfigurationList section */
	};
	rootObject = 18C5ABC61FA6BF7A008C5BDE /* Project object */;
}
